
Microsoft Visual Studio Solution File, Format Version 12.00
# Visual Studio Version 17
VisualStudioVersion = 17.0.31903.59
MinimumVisualStudioVersion = 10.0.40219.1
Project("{FAE04EC0-301F-11D3-BF4B-00C04F79EFBC}") = "Auth.Api", "Auth.Api\Auth.Api.csproj", "{5A31B290-AF15-4C34-AA05-7ACAA7719944}"
EndProject
Project("{FAE04EC0-301F-11D3-BF4B-00C04F79EFBC}") = "Api", "Api\Api.csproj", "{1BA5E8FD-DC07-4760-A9E9-218E833336D6}"
EndProject
Project("{FAE04EC0-301F-11D3-BF4B-00C04F79EFBC}") = "RealWorld", "RealWorld\RealWorld.csproj", "{51705B8E-AE02-4A51-B20B-7CB7E520E463}"
EndProject
Global
	GlobalSection(SolutionConfigurationPlatforms) = preSolution
		Debug|Any CPU = Debug|Any CPU
		Release|Any CPU = Release|Any CPU
	EndGlobalSection
	GlobalSection(SolutionProperties) = preSolution
		HideSolutionNode = FALSE
	EndGlobalSection
	GlobalSection(ProjectConfigurationPlatforms) = postSolution
		{5A31B290-AF15-4C34-AA05-7ACAA7719944}.Debug|Any CPU.ActiveCfg = Debug|Any CPU
		{5A31B290-AF15-4C34-AA05-7ACAA7719944}.Debug|Any CPU.Build.0 = Debug|Any CPU
		{5A31B290-AF15-4C34-AA05-7ACAA7719944}.Release|Any CPU.ActiveCfg = Release|Any CPU
		{5A31B290-AF15-4C34-AA05-7ACAA7719944}.Release|Any CPU.Build.0 = Release|Any CPU
		{1BA5E8FD-DC07-4760-A9E9-218E833336D6}.Debug|Any CPU.ActiveCfg = Debug|Any CPU
		{1BA5E8FD-DC07-4760-A9E9-218E833336D6}.Debug|Any CPU.Build.0 = Debug|Any CPU
		{1BA5E8FD-DC07-4760-A9E9-218E833336D6}.Release|Any CPU.ActiveCfg = Release|Any CPU
		{1BA5E8FD-DC07-4760-A9E9-218E833336D6}.Release|Any CPU.Build.0 = Release|Any CPU
		{51705B8E-AE02-4A51-B20B-7CB7E520E463}.Debug|Any CPU.ActiveCfg = Debug|Any CPU
		{51705B8E-AE02-4A51-B20B-7CB7E520E463}.Debug|Any CPU.Build.0 = Debug|Any CPU
		{51705B8E-AE02-4A51-B20B-7CB7E520E463}.Release|Any CPU.ActiveCfg = Release|Any CPU
		{51705B8E-AE02-4A51-B20B-7CB7E520E463}.Release|Any CPU.Build.0 = Release|Any CPU
	EndGlobalSection
EndGlobal
